
Microsoft Visual Studio Solution File, Format Version 12.00
# Visual Studio 14
VisualStudioVersion = 14.0.24720.0
MinimumVisualStudioVersion = 10.0.40219.1
Project("{FAE04EC0-301F-11D3-BF4B-00C04F79EFBC}") = "OcrEngine", "OcrEngine\OcrEngine.csproj", "{F256F117-79B4-499D-B6AA-EACFE238616E}"
EndProject
Project("{FAE04EC0-301F-11D3-BF4B-00C04F79EFBC}") = "SaveAsOcr", "SaveAsOcr\SaveAsOcr.csproj", "{82B15A38-39C6-46D3-AB00-7A147EC6429C}"
EndProject
Global
	GlobalSection(SolutionConfigurationPlatforms) = preSolution
		Debug|Any CPU = Debug|Any CPU
		Release|Any CPU = Release|Any CPU
	EndGlobalSection
	GlobalSection(ProjectConfigurationPlatforms) = postSolution
		{F256F117-79B4-499D-B6AA-EACFE238616E}.Debug|Any CPU.ActiveCfg = Debug|Any CPU
		{F256F117-79B4-499D-B6AA-EACFE238616E}.Debug|Any CPU.Build.0 = Debug|Any CPU
		{F256F117-79B4-499D-B6AA-EACFE238616E}.Release|Any CPU.ActiveCfg = Release|Any CPU
		{F256F117-79B4-499D-B6AA-EACFE238616E}.Release|Any CPU.Build.0 = Release|Any CPU
		{82B15A38-39C6-46D3-AB00-7A147EC6429C}.Debug|Any CPU.ActiveCfg = Debug|Any CPU
		{82B15A38-39C6-46D3-AB00-7A147EC6429C}.Debug|Any CPU.Build.0 = Debug|Any CPU
		{82B15A38-39C6-46D3-AB00-7A147EC6429C}.Release|Any CPU.ActiveCfg = Release|Any CPU
		{82B15A38-39C6-46D3-AB00-7A147EC6429C}.Release|Any CPU.Build.0 = Release|Any CPU
	EndGlobalSection
	GlobalSection(SolutionProperties) = preSolution
		HideSolutionNode = FALSE
	EndGlobalSection
EndGlobal
